
Microsoft Visual Studio Solution File, Format Version 12.00
# Visual Studio Version 17
VisualStudioVersion = 17.0.31919.166
MinimumVisualStudioVersion = 10.0.40219.1
Project("{9A19103F-16F7-4668-BE54-9A1E7A4F7556}") = "Day10", "Day10.csproj", "{E18F8E8D-5CBB-4E20-91C9-C85E767093CA}"
EndProject
Global
	GlobalSection(SolutionConfigurationPlatforms) = preSolution
		Debug|Any CPU = Debug|Any CPU
		Release|Any CPU = Release|Any CPU
	EndGlobalSection
	GlobalSection(ProjectConfigurationPlatforms) = postSolution
		{E18F8E8D-5CBB-4E20-91C9-C85E767093CA}.Debug|Any CPU.ActiveCfg = Debug|Any CPU
		{E18F8E8D-5CBB-4E20-91C9-C85E767093CA}.Debug|Any CPU.Build.0 = Debug|Any CPU
		{E18F8E8D-5CBB-4E20-91C9-C85E767093CA}.Release|Any CPU.ActiveCfg = Release|Any CPU
		{E18F8E8D-5CBB-4E20-91C9-C85E767093CA}.Release|Any CPU.Build.0 = Release|Any CPU
	EndGlobalSection
	GlobalSection(SolutionProperties) = preSolution
		HideSolutionNode = FALSE
	EndGlobalSection
	GlobalSection(ExtensibilityGlobals) = postSolution
		SolutionGuid = {7B6786AB-244E-4394-8733-AD5538318D40}
	EndGlobalSection
EndGlobal
